
Microsoft Visual Studio Solution File, Format Version 12.00
# Visual Studio Version 17
VisualStudioVersion = 17.14.36511.14 d17.14
MinimumVisualStudioVersion = 10.0.40219.1
Project("{FAE04EC0-301F-11D3-BF4B-00C04F79EFBC}") = "Shop_Klimov", "Shop_Osennikov\Shop_Osennikov.csproj", "{E179237F-6F7B-4E61-A3AC-9293BB266CBA}"
EndProject
Global
	GlobalSection(SolutionConfigurationPlatforms) = preSolution
		Debug|Any CPU = Debug|Any CPU
		Release|Any CPU = Release|Any CPU
	EndGlobalSection
	GlobalSection(ProjectConfigurationPlatforms) = postSolution
		{E179237F-6F7B-4E61-A3AC-9293BB266CBA}.Debug|Any CPU.ActiveCfg = Debug|Any CPU
		{E179237F-6F7B-4E61-A3AC-9293BB266CBA}.Debug|Any CPU.Build.0 = Debug|Any CPU
		{E179237F-6F7B-4E61-A3AC-9293BB266CBA}.Release|Any CPU.ActiveCfg = Release|Any CPU
		{E179237F-6F7B-4E61-A3AC-9293BB266CBA}.Release|Any CPU.Build.0 = Release|Any CPU
	EndGlobalSection
	GlobalSection(SolutionProperties) = preSolution
		HideSolutionNode = FALSE
	EndGlobalSection
	GlobalSection(ExtensibilityGlobals) = postSolution
		SolutionGuid = {74F8E826-C794-45A3-9FD3-AAA18FE1AE27}
	EndGlobalSection
EndGlobal
